// !$*UTF8*$!
{
	archiveVersion = 1;
	classes = {
	};
	objectVersion = 50;
	objects = {

/* Begin PBXBuildFile section */
		18F57E59264214370071475A /* Mix_and_FixApp.swift in Sources */ = {isa = PBXBuildFile; fileRef = 18F57E58264214370071475A /* Mix_and_FixApp.swift */; };
		18F57E5D264214380071475A /* Assets.xcassets in Resources */ = {isa = PBXBuildFile; fileRef = 18F57E5C264214380071475A /* Assets.xcassets */; };
		18F57E60264214380071475A /* Preview Assets.xcassets in Resources */ = {isa = PBXBuildFile; fileRef = 18F57E5F264214380071475A /* Preview Assets.xcassets */; };
		18F57E62264214380071475A /* Persistence.swift in Sources */ = {isa = PBXBuildFile; fileRef = 18F57E61264214380071475A /* Persistence.swift */; };
		18F57E65264214380071475A /* Mix_and_Fix.xcdatamodeld in Sources */ = {isa = PBXBuildFile; fileRef = 18F57E63264214380071475A /* Mix_and_Fix.xcdatamodeld */; };
		18F57E6E264214A70071475A /* RandomDrinkView.swift in Sources */ = {isa = PBXBuildFile; fileRef = 18F57E6D264214A70071475A /* RandomDrinkView.swift */; };
		18F57E742642162B0071475A /* SearchByIngredientView.swift in Sources */ = {isa = PBXBuildFile; fileRef = 18F57E732642162B0071475A /* SearchByIngredientView.swift */; };
		18F57E78264216490071475A /* SearchByDrinkNameView.swift in Sources */ = {isa = PBXBuildFile; fileRef = 18F57E77264216490071475A /* SearchByDrinkNameView.swift */; };
		18F57E7B264216600071475A /* MyBarView.swift in Sources */ = {isa = PBXBuildFile; fileRef = 18F57E7A264216600071475A /* MyBarView.swift */; };
/* End PBXBuildFile section */

/* Begin PBXFileReference section */
		18F57E55264214370071475A /* Mix and Fix.app */ = {isa = PBXFileReference; explicitFileType = wrapper.application; includeInIndex = 0; path = "Mix and Fix.app"; sourceTree = BUILT_PRODUCTS_DIR; };
		18F57E58264214370071475A /* Mix_and_FixApp.swift */ = {isa = PBXFileReference; lastKnownFileType = sourcecode.swift; path = Mix_and_FixApp.swift; sourceTree = "<group>"; };
		18F57E5C264214380071475A /* Assets.xcassets */ = {isa = PBXFileReference; lastKnownFileType = folder.assetcatalog; path = Assets.xcassets; sourceTree = "<group>"; };
		18F57E5F264214380071475A /* Preview Assets.xcassets */ = {isa = PBXFileReference; lastKnownFileType = folder.assetcatalog; path = "Preview Assets.xcassets"; sourceTree = "<group>"; };
		18F57E61264214380071475A /* Persistence.swift */ = {isa = PBXFileReference; lastKnownFileType = sourcecode.swift; path = Persistence.swift; sourceTree = "<group>"; };
		18F57E64264214380071475A /* Mix_and_Fix.xcdatamodel */ = {isa = PBXFileReference; lastKnownFileType = wrapper.xcdatamodel; path = Mix_and_Fix.xcdatamodel; sourceTree = "<group>"; };
		18F57E66264214380071475A /* Info.plist */ = {isa = PBXFileReference; lastKnownFileType = text.plist.xml; path = Info.plist; sourceTree = "<group>"; };
		18F57E6D264214A70071475A /* RandomDrinkView.swift */ = {isa = PBXFileReference; lastKnownFileType = sourcecode.swift; path = RandomDrinkView.swift; sourceTree = "<group>"; };
		18F57E732642162B0071475A /* SearchByIngredientView.swift */ = {isa = PBXFileReference; lastKnownFileType = sourcecode.swift; path = SearchByIngredientView.swift; sourceTree = "<group>"; };
		18F57E77264216490071475A /* SearchByDrinkNameView.swift */ = {isa = PBXFileReference; lastKnownFileType = sourcecode.swift; path = SearchByDrinkNameView.swift; sourceTree = "<group>"; };
		18F57E7A264216600071475A /* MyBarView.swift */ = {isa = PBXFileReference; lastKnownFileType = sourcecode.swift; path = MyBarView.swift; sourceTree = "<group>"; };
/* End PBXFileReference section */

/* Begin PBXFrameworksBuildPhase section */
		18F57E52264214370071475A /* Frameworks */ = {
			isa = PBXFrameworksBuildPhase;
			buildActionMask = 2147483647;
			files = (
			);
			runOnlyForDeploymentPostprocessing = 0;
		};
/* End PBXFrameworksBuildPhase section */

/* Begin PBXGroup section */
		18F57E4C264214370071475A = {
			isa = PBXGroup;
			children = (
				18F57E57264214370071475A /* Mix and Fix */,
				18F57E56264214370071475A /* Products */,
			);
			sourceTree = "<group>";
		};
		18F57E56264214370071475A /* Products */ = {
			isa = PBXGroup;
			children = (
				18F57E55264214370071475A /* Mix and Fix.app */,
			);
			name = Products;
			sourceTree = "<group>";
		};
		18F57E57264214370071475A /* Mix and Fix */ = {
			isa = PBXGroup;
			children = (
				18F57E72264215F90071475A /* ViewControllers */,
				18F57E58264214370071475A /* Mix_and_FixApp.swift */,
				18F57E5C264214380071475A /* Assets.xcassets */,
				18F57E61264214380071475A /* Persistence.swift */,
				18F57E66264214380071475A /* Info.plist */,
				18F57E63264214380071475A /* Mix_and_Fix.xcdatamodeld */,
				18F57E5E264214380071475A /* Preview Content */,
			);
			path = "Mix and Fix";
			sourceTree = "<group>";
		};
		18F57E5E264214380071475A /* Preview Content */ = {
			isa = PBXGroup;
			children = (
				18F57E5F264214380071475A /* Preview Assets.xcassets */,
			);
			path = "Preview Content";
			sourceTree = "<group>";
		};
		18F57E72264215F90071475A /* ViewControllers */ = {
			isa = PBXGroup;
			children = (
				18F57E6D264214A70071475A /* RandomDrinkView.swift */,
				18F57E732642162B0071475A /* SearchByIngredientView.swift */,
				18F57E77264216490071475A /* SearchByDrinkNameView.swift */,
				18F57E7A264216600071475A /* MyBarView.swift */,
			);
			path = ViewControllers;
			sourceTree = "<group>";
		};
/* End PBXGroup section */

/* Begin PBXNativeTarget section */
		18F57E54264214370071475A /* Mix and Fix */ = {
			isa = PBXNativeTarget;
			buildConfigurationList = 18F57E69264214380071475A /* Build configuration list for PBXNativeTarget "Mix and Fix" */;
			buildPhases = (
				18F57E51264214370071475A /* Sources */,
				18F57E52264214370071475A /* Frameworks */,
				18F57E53264214370071475A /* Resources */,
			);
			buildRules = (
			);
			dependencies = (
			);
			name = "Mix and Fix";
			productName = "Mix and Fix";
			productReference = 18F57E55264214370071475A /* Mix and Fix.app */;
			productType = "com.apple.product-type.application";
		};
/* End PBXNativeTarget section */

/* Begin PBXProject section */
		18F57E4D264214370071475A /* Project object */ = {
			isa = PBXProject;
			attributes = {
				LastSwiftUpdateCheck = 1230;
				LastUpgradeCheck = 1230;
				TargetAttributes = {
					18F57E54264214370071475A = {
						CreatedOnToolsVersion = 12.3;
					};
				};
			};
			buildConfigurationList = 18F57E50264214370071475A /* Build configuration list for PBXProject "Mix and Fix" */;
			compatibilityVersion = "Xcode 9.3";
			developmentRegion = en;
			hasScannedForEncodings = 0;
			knownRegions = (
				en,
				Base,
			);
			mainGroup = 18F57E4C264214370071475A;
			productRefGroup = 18F57E56264214370071475A /* Products */;
			projectDirPath = "";
			projectRoot = "";
			targets = (
				18F57E54264214370071475A /* Mix and Fix */,
			);
		};
/* End PBXProject section */

/* Begin PBXResourcesBuildPhase section */
		18F57E53264214370071475A /* Resources */ = {
			isa = PBXResourcesBuildPhase;
			buildActionMask = 2147483647;
			files = (
				18F57E60264214380071475A /* Preview Assets.xcassets in Resources */,
				18F57E5D264214380071475A /* Assets.xcassets in Resources */,
			);
			runOnlyForDeploymentPostprocessing = 0;
		};
/* End PBXResourcesBuildPhase section */

/* Begin PBXSourcesBuildPhase section */
		18F57E51264214370071475A /* Sources */ = {
			isa = PBXSourcesBuildPhase;
			buildActionMask = 2147483647;
			files = (
				18F57E62264214380071475A /* Persistence.swift in Sources */,
				18F57E78264216490071475A /* SearchByDrinkNameView.swift in Sources */,
				18F57E742642162B0071475A /* SearchByIngredientView.swift in Sources */,
				18F57E6E264214A70071475A /* RandomDrinkView.swift in Sources */,
				18F57E7B264216600071475A /* MyBarView.swift in Sources */,
				18F57E65264214380071475A /* Mix_and_Fix.xcdatamodeld in Sources */,
				18F57E59264214370071475A /* Mix_and_FixApp.swift in Sources */,
			);
			runOnlyForDeploymentPostprocessing = 0;
		};
/* End PBXSourcesBuildPhase section */

/* Begin XCBuildConfiguration section */
		18F57E67264214380071475A /* Debug */ = {
			isa = XCBuildConfiguration;
			buildSettings = {
				ALWAYS_SEARCH_USER_PATHS = NO;
				CLANG_ANALYZER_NONNULL = YES;
				CLANG_ANALYZER_NUMBER_OBJECT_CONVERSION = YES_AGGRESSIVE;
				CLANG_CXX_LANGUAGE_STANDARD = "gnu++14";
				CLANG_CXX_LIBRARY = "libc++";
				CLANG_ENABLE_MODULES = YES;
				CLANG_ENABLE_OBJC_ARC = YES;
				CLANG_ENABLE_OBJC_WEAK = YES;
				CLANG_WARN_BLOCK_CAPTURE_AUTORELEASING = YES;
				CLANG_WARN_BOOL_CONVERSION = YES;
				CLANG_WARN_COMMA = YES;
				CLANG_WARN_CONSTANT_CONVERSION = YES;
				CLANG_WARN_DEPRECATED_OBJC_IMPLEMENTATIONS = YES;
				CLANG_WARN_DIRECT_OBJC_ISA_USAGE = YES_ERROR;
				CLANG_WARN_DOCUMENTATION_COMMENTS = YES;
				CLANG_WARN_EMPTY_BODY = YES;
				CLANG_WARN_ENUM_CONVERSION = YES;
				CLANG_WARN_INFINITE_RECURSION = YES;
				CLANG_WARN_INT_CONVERSION = YES;
				CLANG_WARN_NON_LITERAL_NULL_CONVERSION = YES;
				CLANG_WARN_OBJC_IMPLICIT_RETAIN_SELF = YES;
				CLANG_WARN_OBJC_LITERAL_CONVERSION = YES;
				CLANG_WARN_OBJC_ROOT_CLASS = YES_ERROR;
				CLANG_WARN_QUOTED_INCLUDE_IN_FRAMEWORK_HEADER = YES;
				CLANG_WARN_RANGE_LOOP_ANALYSIS = YES;
				CLANG_WARN_STRICT_PROTOTYPES = YES;
				CLANG_WARN_SUSPICIOUS_MOVE = YES;
				CLANG_WARN_UNGUARDED_AVAILABILITY = YES_AGGRESSIVE;
				CLANG_WARN_UNREACHABLE_CODE = YES;
				CLANG_WARN__DUPLICATE_METHOD_MATCH = YES;
				COPY_PHASE_STRIP = NO;
				DEBUG_INFORMATION_FORMAT = dwarf;
				ENABLE_STRICT_OBJC_MSGSEND = YES;
				ENABLE_TESTABILITY = YES;
				GCC_C_LANGUAGE_STANDARD = gnu11;
				GCC_DYNAMIC_NO_PIC = NO;
				GCC_NO_COMMON_BLOCKS = YES;
				GCC_OPTIMIZATION_LEVEL = 0;
				GCC_PREPROCESSOR_DEFINITIONS = (
					"DEBUG=1",
					"$(inherited)",
				);
				GCC_WARN_64_TO_32_BIT_CONVERSION = YES;
				GCC_WARN_ABOUT_RETURN_TYPE = YES_ERROR;
				GCC_WARN_UNDECLARED_SELECTOR = YES;
				GCC_WARN_UNINITIALIZED_AUTOS = YES_AGGRESSIVE;
				GCC_WARN_UNUSED_FUNCTION = YES;
				GCC_WARN_UNUSED_VARIABLE = YES;
				IPHONEOS_DEPLOYMENT_TARGET = 14.3;
				MTL_ENABLE_DEBUG_INFO = INCLUDE_SOURCE;
				MTL_FAST_MATH = YES;
				ONLY_ACTIVE_ARCH = YES;
				SDKROOT = iphoneos;
				SWIFT_ACTIVE_COMPILATION_CONDITIONS = DEBUG;
				SWIFT_OPTIMIZATION_LEVEL = "-Onone";
			};
			name = Debug;
		};
		18F57E68264214380071475A /* Release */ = {
			isa = XCBuildConfiguration;
			buildSettings = {
				ALWAYS_SEARCH_USER_PATHS = NO;
				CLANG_ANALYZER_NONNULL = YES;
				CLANG_ANALYZER_NUMBER_OBJECT_CONVERSION = YES_AGGRESSIVE;
				CLANG_CXX_LANGUAGE_STANDARD = "gnu++14";
				CLANG_CXX_LIBRARY = "libc++";
				CLANG_ENABLE_MODULES = YES;
				CLANG_ENABLE_OBJC_ARC = YES;
				CLANG_ENABLE_OBJC_WEAK = YES;
				CLANG_WARN_BLOCK_CAPTURE_AUTORELEASING = YES;
				CLANG_WARN_BOOL_CONVERSION = YES;
				CLANG_WARN_COMMA = YES;
				CLANG_WARN_CONSTANT_CONVERSION = YES;
				CLANG_WARN_DEPRECATED_OBJC_IMPLEMENTATIONS = YES;
				CLANG_WARN_DIRECT_OBJC_ISA_USAGE = YES_ERROR;
				CLANG_WARN_DOCUMENTATION_COMMENTS = YES;
				CLANG_WARN_EMPTY_BODY = YES;
				CLANG_WARN_ENUM_CONVERSION = YES;
				CLANG_WARN_INFINITE_RECURSION = YES;
				CLANG_WARN_INT_CONVERSION = YES;
				CLANG_WARN_NON_LITERAL_NULL_CONVERSION = YES;
				CLANG_WARN_OBJC_IMPLICIT_RETAIN_SELF = YES;
				CLANG_WARN_OBJC_LITERAL_CONVERSION = YES;
				CLANG_WARN_OBJC_ROOT_CLASS = YES_ERROR;
				CLANG_WARN_QUOTED_INCLUDE_IN_FRAMEWORK_HEADER = YES;
				CLANG_WARN_RANGE_LOOP_ANALYSIS = YES;
				CLANG_WARN_STRICT_PROTOTYPES = YES;
				CLANG_WARN_SUSPICIOUS_MOVE = YES;
				CLANG_WARN_UNGUARDED_AVAILABILITY = YES_AGGRESSIVE;
				CLANG_WARN_UNREACHABLE_CODE = YES;
				CLANG_WARN__DUPLICATE_METHOD_MATCH = YES;
				COPY_PHASE_STRIP = NO;
				DEBUG_INFORMATION_FORMAT = "dwarf-with-dsym";
				ENABLE_NS_ASSERTIONS = NO;
				ENABLE_STRICT_OBJC_MSGSEND = YES;
				GCC_C_LANGUAGE_STANDARD = gnu11;
				GCC_NO_COMMON_BLOCKS = YES;
				GCC_WARN_64_TO_32_BIT_CONVERSION = YES;
				GCC_WARN_ABOUT_RETURN_TYPE = YES_ERROR;
				GCC_WARN_UNDECLARED_SELECTOR = YES;
				GCC_WARN_UNINITIALIZED_AUTOS = YES_AGGRESSIVE;
				GCC_WARN_UNUSED_FUNCTION = YES;
				GCC_WARN_UNUSED_VARIABLE = YES;
				IPHONEOS_DEPLOYMENT_TARGET = 14.3;
				MTL_ENABLE_DEBUG_INFO = NO;
				MTL_FAST_MATH = YES;
				SDKROOT = iphoneos;
				SWIFT_COMPILATION_MODE = wholemodule;
				SWIFT_OPTIMIZATION_LEVEL = "-O";
				VALIDATE_PRODUCT = YES;
			};
			name = Release;
		};
		18F57E6A264214380071475A /* Debug */ = {
			isa = XCBuildConfiguration;
			buildSettings = {
				ASSETCATALOG_COMPILER_APPICON_NAME = AppIcon;
				ASSETCATALOG_COMPILER_GLOBAL_ACCENT_COLOR_NAME = AccentColor;
				CODE_SIGN_STYLE = Automatic;
				DEVELOPMENT_ASSET_PATHS = "\"Mix and Fix/Preview Content\"";
				DEVELOPMENT_TEAM = JW66Z3ZM2J;
				ENABLE_PREVIEWS = YES;
				INFOPLIST_FILE = "Mix and Fix/Info.plist";
				IPHONEOS_DEPLOYMENT_TARGET = 14.0;
				LD_RUNPATH_SEARCH_PATHS = (
					"$(inherited)",
					"@executable_path/Frameworks",
				);
				PRODUCT_BUNDLE_IDENTIFIER = "TreydinW.Mix-and-Fix";
				PRODUCT_NAME = "$(TARGET_NAME)";
				SWIFT_VERSION = 5.0;
				TARGETED_DEVICE_FAMILY = "1,2";
			};
			name = Debug;
		};
		18F57E6B264214380071475A /* Release */ = {
			isa = XCBuildConfiguration;
			buildSettings = {
				ASSETCATALOG_COMPILER_APPICON_NAME = AppIcon;
				ASSETCATALOG_COMPILER_GLOBAL_ACCENT_COLOR_NAME = AccentColor;
				CODE_SIGN_STYLE = Automatic;
				DEVELOPMENT_ASSET_PATHS = "\"Mix and Fix/Preview Content\"";
				DEVELOPMENT_TEAM = JW66Z3ZM2J;
				ENABLE_PREVIEWS = YES;
				INFOPLIST_FILE = "Mix and Fix/Info.plist";
				IPHONEOS_DEPLOYMENT_TARGET = 14.0;
				LD_RUNPATH_SEARCH_PATHS = (
					"$(inherited)",
					"@executable_path/Frameworks",
				);
				PRODUCT_BUNDLE_IDENTIFIER = "TreydinW.Mix-and-Fix";
				PRODUCT_NAME = "$(TARGET_NAME)";
				SWIFT_VERSION = 5.0;
				TARGETED_DEVICE_FAMILY = "1,2";
			};
			name = Release;
		};
/* End XCBuildConfiguration section */

/* Begin XCConfigurationList section */
		18F57E50264214370071475A /* Build configuration list for PBXProject "Mix and Fix" */ = {
			isa = XCConfigurationList;
			buildConfigurations = (
				18F57E67264214380071475A /* Debug */,
				18F57E68264214380071475A /* Release */,
			);
			defaultConfigurationIsVisible = 0;
			defaultConfigurationName = Release;
		};
		18F57E69264214380071475A /* Build configuration list for PBXNativeTarget "Mix and Fix" */ = {
			isa = XCConfigurationList;
			buildConfigurations = (
				18F57E6A264214380071475A /* Debug */,
				18F57E6B264214380071475A /* Release */,
			);
			defaultConfigurationIsVisible = 0;
			defaultConfigurationName = Release;
		};
/* End XCConfigurationList section */

/* Begin XCVersionGroup section */
		18F57E63264214380071475A /* Mix_and_Fix.xcdatamodeld */ = {
			isa = XCVersionGroup;
			children = (
				18F57E64264214380071475A /* Mix_and_Fix.xcdatamodel */,
			);
			currentVersion = 18F57E64264214380071475A /* Mix_and_Fix.xcdatamodel */;
			path = Mix_and_Fix.xcdatamodeld;
			sourceTree = "<group>";
			versionGroupType = wrapper.xcdatamodel;
		};
/* End XCVersionGroup section */
	};
	rootObject = 18F57E4D264214370071475A /* Project object */;
}
